
Microsoft Visual Studio Solution File, Format Version 12.00
# Visual Studio 2013
VisualStudioVersion = 12.0.31101.0
MinimumVisualStudioVersion = 10.0.40219.1
Project("{2150E333-8FDC-42A3-9474-1A3956D46DE8}") = "BeanExplorer", "BeanExplorer", "{41711685-BFB6-4C1B-A571-DEA1FB2A9275}"
EndProject
Project("{D954291E-2A0B-460D-934E-DC6B0785DB48}") = "BeanExplorer.Shared", "BeanExplorer\BeanExplorer.Shared\BeanExplorer.Shared.shproj", "{293C180C-296A-4F5D-B9EB-4E71537AF655}"
EndProject
Project("{FAE04EC0-301F-11D3-BF4B-00C04F79EFBC}") = "BeanExplorer.Windows", "BeanExplorer\BeanExplorer.Windows\BeanExplorer.Windows.csproj", "{B2BC4BF6-6D89-451C-9A32-ED625ED4F3B0}"
EndProject
Project("{FAE04EC0-301F-11D3-BF4B-00C04F79EFBC}") = "BeanExplorer.WindowsPhone", "BeanExplorer\BeanExplorer.WindowsPhone\BeanExplorer.WindowsPhone.csproj", "{A3E2D1C8-C925-4E69-AF8D-468E43F669F3}"
EndProject
Global
	GlobalSection(SharedMSBuildProjectFiles) = preSolution
		BeanExplorer\BeanExplorer.Shared\BeanExplorer.Shared.projitems*{a3e2d1c8-c925-4e69-af8d-468e43f669f3}*SharedItemsImports = 4
		BeanExplorer\BeanExplorer.Shared\BeanExplorer.Shared.projitems*{b2bc4bf6-6d89-451c-9a32-ed625ed4f3b0}*SharedItemsImports = 4
		BeanExplorer\BeanExplorer.Shared\BeanExplorer.Shared.projitems*{293c180c-296a-4f5d-b9eb-4e71537af655}*SharedItemsImports = 13
	EndGlobalSection
	GlobalSection(SolutionConfigurationPlatforms) = preSolution
		Debug|Any CPU = Debug|Any CPU
		Debug|ARM = Debug|ARM
		Debug|x64 = Debug|x64
		Debug|x86 = Debug|x86
		Release|Any CPU = Release|Any CPU
		Release|ARM = Release|ARM
		Release|x64 = Release|x64
		Release|x86 = Release|x86
	EndGlobalSection
	GlobalSection(ProjectConfigurationPlatforms) = postSolution
		{B2BC4BF6-6D89-451C-9A32-ED625ED4F3B0}.Debug|Any CPU.ActiveCfg = Debug|Any CPU
		{B2BC4BF6-6D89-451C-9A32-ED625ED4F3B0}.Debug|Any CPU.Build.0 = Debug|Any CPU
		{B2BC4BF6-6D89-451C-9A32-ED625ED4F3B0}.Debug|Any CPU.Deploy.0 = Debug|Any CPU
		{B2BC4BF6-6D89-451C-9A32-ED625ED4F3B0}.Debug|ARM.ActiveCfg = Debug|ARM
		{B2BC4BF6-6D89-451C-9A32-ED625ED4F3B0}.Debug|ARM.Build.0 = Debug|ARM
		{B2BC4BF6-6D89-451C-9A32-ED625ED4F3B0}.Debug|ARM.Deploy.0 = Debug|ARM
		{B2BC4BF6-6D89-451C-9A32-ED625ED4F3B0}.Debug|x64.ActiveCfg = Debug|x64
		{B2BC4BF6-6D89-451C-9A32-ED625ED4F3B0}.Debug|x64.Build.0 = Debug|x64
		{B2BC4BF6-6D89-451C-9A32-ED625ED4F3B0}.Debug|x64.Deploy.0 = Debug|x64
		{B2BC4BF6-6D89-451C-9A32-ED625ED4F3B0}.Debug|x86.ActiveCfg = Debug|x86
		{B2BC4BF6-6D89-451C-9A32-ED625ED4F3B0}.Debug|x86.Build.0 = Debug|x86
		{B2BC4BF6-6D89-451C-9A32-ED625ED4F3B0}.Debug|x86.Deploy.0 = Debug|x86
		{B2BC4BF6-6D89-451C-9A32-ED625ED4F3B0}.Release|Any CPU.ActiveCfg = Release|Any CPU
		{B2BC4BF6-6D89-451C-9A32-ED625ED4F3B0}.Release|Any CPU.Build.0 = Release|Any CPU
		{B2BC4BF6-6D89-451C-9A32-ED625ED4F3B0}.Release|Any CPU.Deploy.0 = Release|Any CPU
		{B2BC4BF6-6D89-451C-9A32-ED625ED4F3B0}.Release|ARM.ActiveCfg = Release|ARM
		{B2BC4BF6-6D89-451C-9A32-ED625ED4F3B0}.Release|ARM.Build.0 = Release|ARM
		{B2BC4BF6-6D89-451C-9A32-ED625ED4F3B0}.Release|ARM.Deploy.0 = Release|ARM
		{B2BC4BF6-6D89-451C-9A32-ED625ED4F3B0}.Release|x64.ActiveCfg = Release|x64
		{B2BC4BF6-6D89-451C-9A32-ED625ED4F3B0}.Release|x64.Build.0 = Release|x64
		{B2BC4BF6-6D89-451C-9A32-ED625ED4F3B0}.Release|x64.Deploy.0 = Release|x64
		{B2BC4BF6-6D89-451C-9A32-ED625ED4F3B0}.Release|x86.ActiveCfg = Release|x86
		{B2BC4BF6-6D89-451C-9A32-ED625ED4F3B0}.Release|x86.Build.0 = Release|x86
		{B2BC4BF6-6D89-451C-9A32-ED625ED4F3B0}.Release|x86.Deploy.0 = Release|x86
		{A3E2D1C8-C925-4E69-AF8D-468E43F669F3}.Debug|Any CPU.ActiveCfg = Debug|Any CPU
		{A3E2D1C8-C925-4E69-AF8D-468E43F669F3}.Debug|Any CPU.Build.0 = Debug|Any CPU
		{A3E2D1C8-C925-4E69-AF8D-468E43F669F3}.Debug|Any CPU.Deploy.0 = Debug|Any CPU
		{A3E2D1C8-C925-4E69-AF8D-468E43F669F3}.Debug|ARM.ActiveCfg = Debug|ARM
		{A3E2D1C8-C925-4E69-AF8D-468E43F669F3}.Debug|ARM.Build.0 = Debug|ARM
		{A3E2D1C8-C925-4E69-AF8D-468E43F669F3}.Debug|ARM.Deploy.0 = Debug|ARM
		{A3E2D1C8-C925-4E69-AF8D-468E43F669F3}.Debug|x64.ActiveCfg = Debug|Any CPU
		{A3E2D1C8-C925-4E69-AF8D-468E43F669F3}.Debug|x86.ActiveCfg = Debug|x86
		{A3E2D1C8-C925-4E69-AF8D-468E43F669F3}.Debug|x86.Build.0 = Debug|x86
		{A3E2D1C8-C925-4E69-AF8D-468E43F669F3}.Debug|x86.Deploy.0 = Debug|x86
		{A3E2D1C8-C925-4E69-AF8D-468E43F669F3}.Release|Any CPU.ActiveCfg = Release|Any CPU
		{A3E2D1C8-C925-4E69-AF8D-468E43F669F3}.Release|Any CPU.Build.0 = Release|Any CPU
		{A3E2D1C8-C925-4E69-AF8D-468E43F669F3}.Release|Any CPU.Deploy.0 = Release|Any CPU
		{A3E2D1C8-C925-4E69-AF8D-468E43F669F3}.Release|ARM.ActiveCfg = Release|ARM
		{A3E2D1C8-C925-4E69-AF8D-468E43F669F3}.Release|ARM.Build.0 = Release|ARM
		{A3E2D1C8-C925-4E69-AF8D-468E43F669F3}.Release|ARM.Deploy.0 = Release|ARM
		{A3E2D1C8-C925-4E69-AF8D-468E43F669F3}.Release|x64.ActiveCfg = Release|Any CPU
		{A3E2D1C8-C925-4E69-AF8D-468E43F669F3}.Release|x86.ActiveCfg = Release|x86
		{A3E2D1C8-C925-4E69-AF8D-468E43F669F3}.Release|x86.Build.0 = Release|x86
		{A3E2D1C8-C925-4E69-AF8D-468E43F669F3}.Release|x86.Deploy.0 = Release|x86
	EndGlobalSection
	GlobalSection(SolutionProperties) = preSolution
		HideSolutionNode = FALSE
	EndGlobalSection
	GlobalSection(NestedProjects) = preSolution
		{293C180C-296A-4F5D-B9EB-4E71537AF655} = {41711685-BFB6-4C1B-A571-DEA1FB2A9275}
		{B2BC4BF6-6D89-451C-9A32-ED625ED4F3B0} = {41711685-BFB6-4C1B-A571-DEA1FB2A9275}
		{A3E2D1C8-C925-4E69-AF8D-468E43F669F3} = {41711685-BFB6-4C1B-A571-DEA1FB2A9275}
	EndGlobalSection
EndGlobal
